
Microsoft Visual Studio Solution File, Format Version 12.00
# Visual Studio Version 17
VisualStudioVersion = 17.0.31903.59
MinimumVisualStudioVersion = 10.0.40219.1
Project("{FAE04EC0-301F-11D3-BF4B-00C04F79EFBC}") = "Light.SharedCore", "Light.SharedCore\Light.SharedCore.csproj", "{5098C1AA-263E-4BA6-B4E2-4088EE4B11DA}"
EndProject
Project("{FAE04EC0-301F-11D3-BF4B-00C04F79EFBC}") = "Light.SharedCore.Tests", "Light.SharedCore.Tests\Light.SharedCore.Tests.csproj", "{98C694E2-B859-45DE-91FF-F6D9408958D0}"
EndProject
Project("{2150E333-8FDC-42A3-9474-1A3956D46DE8}") = "Solution Items", "Solution Items", "{F823A522-F6D0-4E02-92A8-E9246B1799A1}"
	ProjectSection(SolutionItems) = preProject
		..\.gitignore = ..\.gitignore
		..\LICENSE = ..\LICENSE
	EndProjectSection
EndProject
Global
	GlobalSection(SolutionConfigurationPlatforms) = preSolution
		Debug|Any CPU = Debug|Any CPU
		Release|Any CPU = Release|Any CPU
	EndGlobalSection
	GlobalSection(SolutionProperties) = preSolution
		HideSolutionNode = FALSE
	EndGlobalSection
	GlobalSection(ProjectConfigurationPlatforms) = postSolution
		{5098C1AA-263E-4BA6-B4E2-4088EE4B11DA}.Debug|Any CPU.ActiveCfg = Debug|Any CPU
		{5098C1AA-263E-4BA6-B4E2-4088EE4B11DA}.Debug|Any CPU.Build.0 = Debug|Any CPU
		{5098C1AA-263E-4BA6-B4E2-4088EE4B11DA}.Release|Any CPU.ActiveCfg = Release|Any CPU
		{5098C1AA-263E-4BA6-B4E2-4088EE4B11DA}.Release|Any CPU.Build.0 = Release|Any CPU
		{98C694E2-B859-45DE-91FF-F6D9408958D0}.Debug|Any CPU.ActiveCfg = Debug|Any CPU
		{98C694E2-B859-45DE-91FF-F6D9408958D0}.Debug|Any CPU.Build.0 = Debug|Any CPU
		{98C694E2-B859-45DE-91FF-F6D9408958D0}.Release|Any CPU.ActiveCfg = Release|Any CPU
		{98C694E2-B859-45DE-91FF-F6D9408958D0}.Release|Any CPU.Build.0 = Release|Any CPU
	EndGlobalSection
EndGlobal
